
Microsoft Visual Studio Solution File, Format Version 12.00
# Visual Studio Version 17
VisualStudioVersion = 17.13.35806.99 d17.13
MinimumVisualStudioVersion = 10.0.40219.1
Project("{FAE04EC0-301F-11D3-BF4B-00C04F79EFBC}") = "GetDataBlazor", "GetDataBlazor\GetDataBlazor.csproj", "{E94FB38B-AA54-41D5-B687-67091F452D59}"
EndProject
Global
	GlobalSection(SolutionConfigurationPlatforms) = preSolution
		Debug|Any CPU = Debug|Any CPU
		Release|Any CPU = Release|Any CPU
	EndGlobalSection
	GlobalSection(ProjectConfigurationPlatforms) = postSolution
		{E94FB38B-AA54-41D5-B687-67091F452D59}.Debug|Any CPU.ActiveCfg = Debug|Any CPU
		{E94FB38B-AA54-41D5-B687-67091F452D59}.Debug|Any CPU.Build.0 = Debug|Any CPU
		{E94FB38B-AA54-41D5-B687-67091F452D59}.Release|Any CPU.ActiveCfg = Release|Any CPU
		{E94FB38B-AA54-41D5-B687-67091F452D59}.Release|Any CPU.Build.0 = Release|Any CPU
	EndGlobalSection
	GlobalSection(SolutionProperties) = preSolution
		HideSolutionNode = FALSE
	EndGlobalSection
	GlobalSection(ExtensibilityGlobals) = postSolution
		SolutionGuid = {E8D6B3CB-C874-4227-875E-461B5A21384D}
	EndGlobalSection
EndGlobal
